
Microsoft Visual Studio Solution File, Format Version 12.00
# Visual Studio 14
VisualStudioVersion = 14.0.23107.0
MinimumVisualStudioVersion = 10.0.40219.1
Project("{FAE04EC0-301F-11D3-BF4B-00C04F79EFBC}") = "Window10 Calculator", "Window10 Calculator\Window10 Calculator.csproj", "{5E4F0BA7-F958-4B70-8F40-E775AE9328EB}"
EndProject
Global
	GlobalSection(SolutionConfigurationPlatforms) = preSolution
		Debug|Any CPU = Debug|Any CPU
		Release|Any CPU = Release|Any CPU
	EndGlobalSection
	GlobalSection(ProjectConfigurationPlatforms) = postSolution
		{5E4F0BA7-F958-4B70-8F40-E775AE9328EB}.Debug|Any CPU.ActiveCfg = Debug|Any CPU
		{5E4F0BA7-F958-4B70-8F40-E775AE9328EB}.Debug|Any CPU.Build.0 = Debug|Any CPU
		{5E4F0BA7-F958-4B70-8F40-E775AE9328EB}.Release|Any CPU.ActiveCfg = Release|Any CPU
		{5E4F0BA7-F958-4B70-8F40-E775AE9328EB}.Release|Any CPU.Build.0 = Release|Any CPU
	EndGlobalSection
	GlobalSection(SolutionProperties) = preSolution
		HideSolutionNode = FALSE
	EndGlobalSection
EndGlobal
